// !$*UTF8*$!
{
	archiveVersion = 1;
	classes = {
	};
	objectVersion = 55;
	objects = {

/* Begin PBXBuildFile section */
		701B587128CB8313005DB7E2 /* AppDelegate.swift in Sources */ = {isa = PBXBuildFile; fileRef = 701B587028CB8313005DB7E2 /* AppDelegate.swift */; };
		701B587328CB8313005DB7E2 /* SceneDelegate.swift in Sources */ = {isa = PBXBuildFile; fileRef = 701B587228CB8313005DB7E2 /* SceneDelegate.swift */; };
		701B587828CB8313005DB7E2 /* Main.storyboard in Resources */ = {isa = PBXBuildFile; fileRef = 701B587628CB8313005DB7E2 /* Main.storyboard */; };
		701B587A28CB8317005DB7E2 /* Assets.xcassets in Resources */ = {isa = PBXBuildFile; fileRef = 701B587928CB8317005DB7E2 /* Assets.xcassets */; };
		701B587D28CB8317005DB7E2 /* LaunchScreen.storyboard in Resources */ = {isa = PBXBuildFile; fileRef = 701B587B28CB8317005DB7E2 /* LaunchScreen.storyboard */; };
		701B588828CB8317005DB7E2 /* DemoTestTests.swift in Sources */ = {isa = PBXBuildFile; fileRef = 701B588728CB8317005DB7E2 /* DemoTestTests.swift */; };
		701B589228CB8318005DB7E2 /* DemoTestUITests.swift in Sources */ = {isa = PBXBuildFile; fileRef = 701B589128CB8318005DB7E2 /* DemoTestUITests.swift */; };
		701B589428CB8318005DB7E2 /* DemoTestUITestsLaunchTests.swift in Sources */ = {isa = PBXBuildFile; fileRef = 701B589328CB8318005DB7E2 /* DemoTestUITestsLaunchTests.swift */; };
		701B58A228CB8349005DB7E2 /* LoginViewController.swift in Sources */ = {isa = PBXBuildFile; fileRef = 701B58A028CB8349005DB7E2 /* LoginViewController.swift */; };
		701B58A328CB8349005DB7E2 /* LoginViewController.swift in Sources */ = {isa = PBXBuildFile; fileRef = 701B58A028CB8349005DB7E2 /* LoginViewController.swift */; };
		701B58A428CB8349005DB7E2 /* LoginViewController.swift in Sources */ = {isa = PBXBuildFile; fileRef = 701B58A028CB8349005DB7E2 /* LoginViewController.swift */; };
		701B58A528CB8349005DB7E2 /* LoginViewController.xib in Resources */ = {isa = PBXBuildFile; fileRef = 701B58A128CB8349005DB7E2 /* LoginViewController.xib */; };
		701B58A628CB8349005DB7E2 /* LoginViewController.xib in Resources */ = {isa = PBXBuildFile; fileRef = 701B58A128CB8349005DB7E2 /* LoginViewController.xib */; };
		701B58A728CB8349005DB7E2 /* LoginViewController.xib in Resources */ = {isa = PBXBuildFile; fileRef = 701B58A128CB8349005DB7E2 /* LoginViewController.xib */; };
		701B58AE28CB8554005DB7E2 /* NameTextField.swift in Sources */ = {isa = PBXBuildFile; fileRef = 701B58AD28CB8554005DB7E2 /* NameTextField.swift */; };
		701B58AF28CB8554005DB7E2 /* NameTextField.swift in Sources */ = {isa = PBXBuildFile; fileRef = 701B58AD28CB8554005DB7E2 /* NameTextField.swift */; };
		701B58B028CB8554005DB7E2 /* NameTextField.swift in Sources */ = {isa = PBXBuildFile; fileRef = 701B58AD28CB8554005DB7E2 /* NameTextField.swift */; };
		701B58B528CB9383005DB7E2 /* LoginViewModel.swift in Sources */ = {isa = PBXBuildFile; fileRef = 701B58B428CB9383005DB7E2 /* LoginViewModel.swift */; };
		701B58B628CB9383005DB7E2 /* LoginViewModel.swift in Sources */ = {isa = PBXBuildFile; fileRef = 701B58B428CB9383005DB7E2 /* LoginViewModel.swift */; };
		701B58B728CB9383005DB7E2 /* LoginViewModel.swift in Sources */ = {isa = PBXBuildFile; fileRef = 701B58B428CB9383005DB7E2 /* LoginViewModel.swift */; };
		701B58BB28CB9949005DB7E2 /* Login.swift in Sources */ = {isa = PBXBuildFile; fileRef = 701B58BA28CB9949005DB7E2 /* Login.swift */; };
		701B58BC28CB9949005DB7E2 /* Login.swift in Sources */ = {isa = PBXBuildFile; fileRef = 701B58BA28CB9949005DB7E2 /* Login.swift */; };
		701B58BD28CB9949005DB7E2 /* Login.swift in Sources */ = {isa = PBXBuildFile; fileRef = 701B58BA28CB9949005DB7E2 /* Login.swift */; };
		70A9977C28CCDC7100DFF9BD /* LoginTest.swift in Sources */ = {isa = PBXBuildFile; fileRef = 70A9977B28CCDC7100DFF9BD /* LoginTest.swift */; };
		CEAFCD4E28CEFF9E0081F2B8 /* ExampleTest.swift in Sources */ = {isa = PBXBuildFile; fileRef = CEAFCD4D28CEFF9E0081F2B8 /* ExampleTest.swift */; };
/* End PBXBuildFile section */

/* Begin PBXContainerItemProxy section */
		701B588428CB8317005DB7E2 /* PBXContainerItemProxy */ = {
			isa = PBXContainerItemProxy;
			containerPortal = 701B586528CB8313005DB7E2 /* Project object */;
			proxyType = 1;
			remoteGlobalIDString = 701B586C28CB8313005DB7E2;
			remoteInfo = DemoTest;
		};
		701B588E28CB8318005DB7E2 /* PBXContainerItemProxy */ = {
			isa = PBXContainerItemProxy;
			containerPortal = 701B586528CB8313005DB7E2 /* Project object */;
			proxyType = 1;
			remoteGlobalIDString = 701B586C28CB8313005DB7E2;
			remoteInfo = DemoTest;
		};
/* End PBXContainerItemProxy section */

/* Begin PBXFileReference section */
		701B586D28CB8313005DB7E2 /* DemoTest.app */ = {isa = PBXFileReference; explicitFileType = wrapper.application; includeInIndex = 0; path = DemoTest.app; sourceTree = BUILT_PRODUCTS_DIR; };
		701B587028CB8313005DB7E2 /* AppDelegate.swift */ = {isa = PBXFileReference; lastKnownFileType = sourcecode.swift; path = AppDelegate.swift; sourceTree = "<group>"; };
		701B587228CB8313005DB7E2 /* SceneDelegate.swift */ = {isa = PBXFileReference; lastKnownFileType = sourcecode.swift; path = SceneDelegate.swift; sourceTree = "<group>"; };
		701B587728CB8313005DB7E2 /* Base */ = {isa = PBXFileReference; lastKnownFileType = file.storyboard; name = Base; path = Base.lproj/Main.storyboard; sourceTree = "<group>"; };
		701B587928CB8317005DB7E2 /* Assets.xcassets */ = {isa = PBXFileReference; lastKnownFileType = folder.assetcatalog; path = Assets.xcassets; sourceTree = "<group>"; };
		701B587C28CB8317005DB7E2 /* Base */ = {isa = PBXFileReference; lastKnownFileType = file.storyboard; name = Base; path = Base.lproj/LaunchScreen.storyboard; sourceTree = "<group>"; };
		701B587E28CB8317005DB7E2 /* Info.plist */ = {isa = PBXFileReference; lastKnownFileType = text.plist.xml; path = Info.plist; sourceTree = "<group>"; };
		701B588328CB8317005DB7E2 /* DemoTestTests.xctest */ = {isa = PBXFileReference; explicitFileType = wrapper.cfbundle; includeInIndex = 0; path = DemoTestTests.xctest; sourceTree = BUILT_PRODUCTS_DIR; };
		701B588728CB8317005DB7E2 /* DemoTestTests.swift */ = {isa = PBXFileReference; lastKnownFileType = sourcecode.swift; path = DemoTestTests.swift; sourceTree = "<group>"; };
		701B588D28CB8318005DB7E2 /* DemoTestUITests.xctest */ = {isa = PBXFileReference; explicitFileType = wrapper.cfbundle; includeInIndex = 0; path = DemoTestUITests.xctest; sourceTree = BUILT_PRODUCTS_DIR; };
		701B589128CB8318005DB7E2 /* DemoTestUITests.swift */ = {isa = PBXFileReference; lastKnownFileType = sourcecode.swift; path = DemoTestUITests.swift; sourceTree = "<group>"; };
		701B589328CB8318005DB7E2 /* DemoTestUITestsLaunchTests.swift */ = {isa = PBXFileReference; lastKnownFileType = sourcecode.swift; path = DemoTestUITestsLaunchTests.swift; sourceTree = "<group>"; };
		701B58A028CB8349005DB7E2 /* LoginViewController.swift */ = {isa = PBXFileReference; lastKnownFileType = sourcecode.swift; path = LoginViewController.swift; sourceTree = "<group>"; };
		701B58A128CB8349005DB7E2 /* LoginViewController.xib */ = {isa = PBXFileReference; lastKnownFileType = file.xib; path = LoginViewController.xib; sourceTree = "<group>"; };
		701B58AD28CB8554005DB7E2 /* NameTextField.swift */ = {isa = PBXFileReference; lastKnownFileType = sourcecode.swift; path = NameTextField.swift; sourceTree = "<group>"; };
		701B58B428CB9383005DB7E2 /* LoginViewModel.swift */ = {isa = PBXFileReference; lastKnownFileType = sourcecode.swift; path = LoginViewModel.swift; sourceTree = "<group>"; };
		701B58BA28CB9949005DB7E2 /* Login.swift */ = {isa = PBXFileReference; lastKnownFileType = sourcecode.swift; path = Login.swift; sourceTree = "<group>"; };
		70A9977B28CCDC7100DFF9BD /* LoginTest.swift */ = {isa = PBXFileReference; lastKnownFileType = sourcecode.swift; path = LoginTest.swift; sourceTree = "<group>"; };
		CEAFCD4D28CEFF9E0081F2B8 /* ExampleTest.swift */ = {isa = PBXFileReference; lastKnownFileType = sourcecode.swift; path = ExampleTest.swift; sourceTree = "<group>"; };
/* End PBXFileReference section */

/* Begin PBXFrameworksBuildPhase section */
		701B586A28CB8313005DB7E2 /* Frameworks */ = {
			isa = PBXFrameworksBuildPhase;
			buildActionMask = 2147483647;
			files = (
			);
			runOnlyForDeploymentPostprocessing = 0;
		};
		701B588028CB8317005DB7E2 /* Frameworks */ = {
			isa = PBXFrameworksBuildPhase;
			buildActionMask = 2147483647;
			files = (
			);
			runOnlyForDeploymentPostprocessing = 0;
		};
		701B588A28CB8318005DB7E2 /* Frameworks */ = {
			isa = PBXFrameworksBuildPhase;
			buildActionMask = 2147483647;
			files = (
			);
			runOnlyForDeploymentPostprocessing = 0;
		};
/* End PBXFrameworksBuildPhase section */

/* Begin PBXGroup section */
		701B586428CB8313005DB7E2 = {
			isa = PBXGroup;
			children = (
				701B586F28CB8313005DB7E2 /* DemoTest */,
				701B588628CB8317005DB7E2 /* DemoTestTests */,
				701B589028CB8318005DB7E2 /* DemoTestUITests */,
				701B586E28CB8313005DB7E2 /* Products */,
			);
			sourceTree = "<group>";
		};
		701B586E28CB8313005DB7E2 /* Products */ = {
			isa = PBXGroup;
			children = (
				701B586D28CB8313005DB7E2 /* DemoTest.app */,
				701B588328CB8317005DB7E2 /* DemoTestTests.xctest */,
				701B588D28CB8318005DB7E2 /* DemoTestUITests.xctest */,
			);
			name = Products;
			sourceTree = "<group>";
		};
		701B586F28CB8313005DB7E2 /* DemoTest */ = {
			isa = PBXGroup;
			children = (
				701B58B328CB9374005DB7E2 /* Login */,
				701B58B128CB87F7005DB7E2 /* Extension */,
				701B58A828CB851C005DB7E2 /* UI */,
				701B587028CB8313005DB7E2 /* AppDelegate.swift */,
				701B587228CB8313005DB7E2 /* SceneDelegate.swift */,
				701B587628CB8313005DB7E2 /* Main.storyboard */,
				701B587928CB8317005DB7E2 /* Assets.xcassets */,
				701B587B28CB8317005DB7E2 /* LaunchScreen.storyboard */,
				701B587E28CB8317005DB7E2 /* Info.plist */,
			);
			path = DemoTest;
			sourceTree = "<group>";
		};
		701B588628CB8317005DB7E2 /* DemoTestTests */ = {
			isa = PBXGroup;
			children = (
				701B588728CB8317005DB7E2 /* DemoTestTests.swift */,
				70A9977B28CCDC7100DFF9BD /* LoginTest.swift */,
				CEAFCD4D28CEFF9E0081F2B8 /* ExampleTest.swift */,
			);
			path = DemoTestTests;
			sourceTree = "<group>";
		};
		701B589028CB8318005DB7E2 /* DemoTestUITests */ = {
			isa = PBXGroup;
			children = (
				701B589128CB8318005DB7E2 /* DemoTestUITests.swift */,
				701B589328CB8318005DB7E2 /* DemoTestUITestsLaunchTests.swift */,
			);
			path = DemoTestUITests;
			sourceTree = "<group>";
		};
		701B58A828CB851C005DB7E2 /* UI */ = {
			isa = PBXGroup;
			children = (
				701B58AD28CB8554005DB7E2 /* NameTextField.swift */,
			);
			path = UI;
			sourceTree = "<group>";
		};
		701B58B128CB87F7005DB7E2 /* Extension */ = {
			isa = PBXGroup;
			children = (
				701B58B228CB8807005DB7E2 /* Constraint */,
			);
			path = Extension;
			sourceTree = "<group>";
		};
		701B58B228CB8807005DB7E2 /* Constraint */ = {
			isa = PBXGroup;
			children = (
			);
			path = Constraint;
			sourceTree = "<group>";
		};
		701B58B328CB9374005DB7E2 /* Login */ = {
			isa = PBXGroup;
			children = (
				701B58B828CB9934005DB7E2 /* Model */,
				701B58A028CB8349005DB7E2 /* LoginViewController.swift */,
				701B58A128CB8349005DB7E2 /* LoginViewController.xib */,
				701B58B428CB9383005DB7E2 /* LoginViewModel.swift */,
			);
			path = Login;
			sourceTree = "<group>";
		};
		701B58B828CB9934005DB7E2 /* Model */ = {
			isa = PBXGroup;
			children = (
				701B58BA28CB9949005DB7E2 /* Login.swift */,
			);
			path = Model;
			sourceTree = "<group>";
		};
/* End PBXGroup section */

/* Begin PBXNativeTarget section */
		701B586C28CB8313005DB7E2 /* DemoTest */ = {
			isa = PBXNativeTarget;
			buildConfigurationList = 701B589728CB8318005DB7E2 /* Build configuration list for PBXNativeTarget "DemoTest" */;
			buildPhases = (
				701B586928CB8313005DB7E2 /* Sources */,
				701B586A28CB8313005DB7E2 /* Frameworks */,
				701B586B28CB8313005DB7E2 /* Resources */,
			);
			buildRules = (
			);
			dependencies = (
			);
			name = DemoTest;
			productName = DemoTest;
			productReference = 701B586D28CB8313005DB7E2 /* DemoTest.app */;
			productType = "com.apple.product-type.application";
		};
		701B588228CB8317005DB7E2 /* DemoTestTests */ = {
			isa = PBXNativeTarget;
			buildConfigurationList = 701B589A28CB8318005DB7E2 /* Build configuration list for PBXNativeTarget "DemoTestTests" */;
			buildPhases = (
				701B587F28CB8317005DB7E2 /* Sources */,
				701B588028CB8317005DB7E2 /* Frameworks */,
				701B588128CB8317005DB7E2 /* Resources */,
			);
			buildRules = (
			);
			dependencies = (
				701B588528CB8317005DB7E2 /* PBXTargetDependency */,
			);
			name = DemoTestTests;
			productName = DemoTestTests;
			productReference = 701B588328CB8317005DB7E2 /* DemoTestTests.xctest */;
			productType = "com.apple.product-type.bundle.unit-test";
		};
		701B588C28CB8318005DB7E2 /* DemoTestUITests */ = {
			isa = PBXNativeTarget;
			buildConfigurationList = 701B589D28CB8318005DB7E2 /* Build configuration list for PBXNativeTarget "DemoTestUITests" */;
			buildPhases = (
				701B588928CB8318005DB7E2 /* Sources */,
				701B588A28CB8318005DB7E2 /* Frameworks */,
				701B588B28CB8318005DB7E2 /* Resources */,
			);
			buildRules = (
			);
			dependencies = (
				701B588F28CB8318005DB7E2 /* PBXTargetDependency */,
			);
			name = DemoTestUITests;
			productName = DemoTestUITests;
			productReference = 701B588D28CB8318005DB7E2 /* DemoTestUITests.xctest */;
			productType = "com.apple.product-type.bundle.ui-testing";
		};
/* End PBXNativeTarget section */

/* Begin PBXProject section */
		701B586528CB8313005DB7E2 /* Project object */ = {
			isa = PBXProject;
			attributes = {
				BuildIndependentTargetsInParallel = 1;
				LastSwiftUpdateCheck = 1340;
				LastUpgradeCheck = 1340;
				TargetAttributes = {
					701B586C28CB8313005DB7E2 = {
						CreatedOnToolsVersion = 13.4.1;
					};
					701B588228CB8317005DB7E2 = {
						CreatedOnToolsVersion = 13.4.1;
						TestTargetID = 701B586C28CB8313005DB7E2;
					};
					701B588C28CB8318005DB7E2 = {
						CreatedOnToolsVersion = 13.4.1;
						TestTargetID = 701B586C28CB8313005DB7E2;
					};
				};
			};
			buildConfigurationList = 701B586828CB8313005DB7E2 /* Build configuration list for PBXProject "DemoTest" */;
			compatibilityVersion = "Xcode 13.0";
			developmentRegion = en;
			hasScannedForEncodings = 0;
			knownRegions = (
				en,
				Base,
			);
			mainGroup = 701B586428CB8313005DB7E2;
			productRefGroup = 701B586E28CB8313005DB7E2 /* Products */;
			projectDirPath = "";
			projectRoot = "";
			targets = (
				701B586C28CB8313005DB7E2 /* DemoTest */,
				701B588228CB8317005DB7E2 /* DemoTestTests */,
				701B588C28CB8318005DB7E2 /* DemoTestUITests */,
			);
		};
/* End PBXProject section */

/* Begin PBXResourcesBuildPhase section */
		701B586B28CB8313005DB7E2 /* Resources */ = {
			isa = PBXResourcesBuildPhase;
			buildActionMask = 2147483647;
			files = (
				701B58A528CB8349005DB7E2 /* LoginViewController.xib in Resources */,
				701B587D28CB8317005DB7E2 /* LaunchScreen.storyboard in Resources */,
				701B587A28CB8317005DB7E2 /* Assets.xcassets in Resources */,
				701B587828CB8313005DB7E2 /* Main.storyboard in Resources */,
			);
			runOnlyForDeploymentPostprocessing = 0;
		};
		701B588128CB8317005DB7E2 /* Resources */ = {
			isa = PBXResourcesBuildPhase;
			buildActionMask = 2147483647;
			files = (
				701B58A628CB8349005DB7E2 /* LoginViewController.xib in Resources */,
			);
			runOnlyForDeploymentPostprocessing = 0;
		};
		701B588B28CB8318005DB7E2 /* Resources */ = {
			isa = PBXResourcesBuildPhase;
			buildActionMask = 2147483647;
			files = (
				701B58A728CB8349005DB7E2 /* LoginViewController.xib in Resources */,
			);
			runOnlyForDeploymentPostprocessing = 0;
		};
/* End PBXResourcesBuildPhase section */

/* Begin PBXSourcesBuildPhase section */
		701B586928CB8313005DB7E2 /* Sources */ = {
			isa = PBXSourcesBuildPhase;
			buildActionMask = 2147483647;
			files = (
				701B58A228CB8349005DB7E2 /* LoginViewController.swift in Sources */,
				701B587128CB8313005DB7E2 /* AppDelegate.swift in Sources */,
				701B58AE28CB8554005DB7E2 /* NameTextField.swift in Sources */,
				701B58BB28CB9949005DB7E2 /* Login.swift in Sources */,
				701B58B528CB9383005DB7E2 /* LoginViewModel.swift in Sources */,
				701B587328CB8313005DB7E2 /* SceneDelegate.swift in Sources */,
			);
			runOnlyForDeploymentPostprocessing = 0;
		};
		701B587F28CB8317005DB7E2 /* Sources */ = {
			isa = PBXSourcesBuildPhase;
			buildActionMask = 2147483647;
			files = (
				701B58B628CB9383005DB7E2 /* LoginViewModel.swift in Sources */,
				701B58BC28CB9949005DB7E2 /* Login.swift in Sources */,
				701B58AF28CB8554005DB7E2 /* NameTextField.swift in Sources */,
				CEAFCD4E28CEFF9E0081F2B8 /* ExampleTest.swift in Sources */,
				70A9977C28CCDC7100DFF9BD /* LoginTest.swift in Sources */,
				701B58A328CB8349005DB7E2 /* LoginViewController.swift in Sources */,
				701B588828CB8317005DB7E2 /* DemoTestTests.swift in Sources */,
			);
			runOnlyForDeploymentPostprocessing = 0;
		};
		701B588928CB8318005DB7E2 /* Sources */ = {
			isa = PBXSourcesBuildPhase;
			buildActionMask = 2147483647;
			files = (
				701B58B028CB8554005DB7E2 /* NameTextField.swift in Sources */,
				701B58A428CB8349005DB7E2 /* LoginViewController.swift in Sources */,
				701B589428CB8318005DB7E2 /* DemoTestUITestsLaunchTests.swift in Sources */,
				701B58BD28CB9949005DB7E2 /* Login.swift in Sources */,
				701B58B728CB9383005DB7E2 /* LoginViewModel.swift in Sources */,
				701B589228CB8318005DB7E2 /* DemoTestUITests.swift in Sources */,
			);
			runOnlyForDeploymentPostprocessing = 0;
		};
/* End PBXSourcesBuildPhase section */

/* Begin PBXTargetDependency section */
		701B588528CB8317005DB7E2 /* PBXTargetDependency */ = {
			isa = PBXTargetDependency;
			target = 701B586C28CB8313005DB7E2 /* DemoTest */;
			targetProxy = 701B588428CB8317005DB7E2 /* PBXContainerItemProxy */;
		};
		701B588F28CB8318005DB7E2 /* PBXTargetDependency */ = {
			isa = PBXTargetDependency;
			target = 701B586C28CB8313005DB7E2 /* DemoTest */;
			targetProxy = 701B588E28CB8318005DB7E2 /* PBXContainerItemProxy */;
		};
/* End PBXTargetDependency section */

/* Begin PBXVariantGroup section */
		701B587628CB8313005DB7E2 /* Main.storyboard */ = {
			isa = PBXVariantGroup;
			children = (
				701B587728CB8313005DB7E2 /* Base */,
			);
			name = Main.storyboard;
			sourceTree = "<group>";
		};
		701B587B28CB8317005DB7E2 /* LaunchScreen.storyboard */ = {
			isa = PBXVariantGroup;
			children = (
				701B587C28CB8317005DB7E2 /* Base */,
			);
			name = LaunchScreen.storyboard;
			sourceTree = "<group>";
		};
/* End PBXVariantGroup section */

/* Begin XCBuildConfiguration section */
		701B589528CB8318005DB7E2 /* Debug */ = {
			isa = XCBuildConfiguration;
			buildSettings = {
				ALWAYS_SEARCH_USER_PATHS = NO;
				CLANG_ANALYZER_NONNULL = YES;
				CLANG_ANALYZER_NUMBER_OBJECT_CONVERSION = YES_AGGRESSIVE;
				CLANG_CXX_LANGUAGE_STANDARD = "gnu++17";
				CLANG_ENABLE_MODULES = YES;
				CLANG_ENABLE_OBJC_ARC = YES;
				CLANG_ENABLE_OBJC_WEAK = YES;
				CLANG_WARN_BLOCK_CAPTURE_AUTORELEASING = YES;
				CLANG_WARN_BOOL_CONVERSION = YES;
				CLANG_WARN_COMMA = YES;
				CLANG_WARN_CONSTANT_CONVERSION = YES;
				CLANG_WARN_DEPRECATED_OBJC_IMPLEMENTATIONS = YES;
				CLANG_WARN_DIRECT_OBJC_ISA_USAGE = YES_ERROR;
				CLANG_WARN_DOCUMENTATION_COMMENTS = YES;
				CLANG_WARN_EMPTY_BODY = YES;
				CLANG_WARN_ENUM_CONVERSION = YES;
				CLANG_WARN_INFINITE_RECURSION = YES;
				CLANG_WARN_INT_CONVERSION = YES;
				CLANG_WARN_NON_LITERAL_NULL_CONVERSION = YES;
				CLANG_WARN_OBJC_IMPLICIT_RETAIN_SELF = YES;
				CLANG_WARN_OBJC_LITERAL_CONVERSION = YES;
				CLANG_WARN_OBJC_ROOT_CLASS = YES_ERROR;
				CLANG_WARN_QUOTED_INCLUDE_IN_FRAMEWORK_HEADER = YES;
				CLANG_WARN_RANGE_LOOP_ANALYSIS = YES;
				CLANG_WARN_STRICT_PROTOTYPES = YES;
				CLANG_WARN_SUSPICIOUS_MOVE = YES;
				CLANG_WARN_UNGUARDED_AVAILABILITY = YES_AGGRESSIVE;
				CLANG_WARN_UNREACHABLE_CODE = YES;
				CLANG_WARN__DUPLICATE_METHOD_MATCH = YES;
				COPY_PHASE_STRIP = NO;
				DEBUG_INFORMATION_FORMAT = dwarf;
				ENABLE_STRICT_OBJC_MSGSEND = YES;
				ENABLE_TESTABILITY = YES;
				GCC_C_LANGUAGE_STANDARD = gnu11;
				GCC_DYNAMIC_NO_PIC = NO;
				GCC_NO_COMMON_BLOCKS = YES;
				GCC_OPTIMIZATION_LEVEL = 0;
				GCC_PREPROCESSOR_DEFINITIONS = (
					"DEBUG=1",
					"$(inherited)",
				);
				GCC_WARN_64_TO_32_BIT_CONVERSION = YES;
				GCC_WARN_ABOUT_RETURN_TYPE = YES_ERROR;
				GCC_WARN_UNDECLARED_SELECTOR = YES;
				GCC_WARN_UNINITIALIZED_AUTOS = YES_AGGRESSIVE;
				GCC_WARN_UNUSED_FUNCTION = YES;
				GCC_WARN_UNUSED_VARIABLE = YES;
				IPHONEOS_DEPLOYMENT_TARGET = 15.0;
				MTL_ENABLE_DEBUG_INFO = INCLUDE_SOURCE;
				MTL_FAST_MATH = YES;
				ONLY_ACTIVE_ARCH = YES;
				SDKROOT = iphoneos;
				SWIFT_ACTIVE_COMPILATION_CONDITIONS = DEBUG;
				SWIFT_OPTIMIZATION_LEVEL = "-Onone";
			};
			name = Debug;
		};
		701B589628CB8318005DB7E2 /* Release */ = {
			isa = XCBuildConfiguration;
			buildSettings = {
				ALWAYS_SEARCH_USER_PATHS = NO;
				CLANG_ANALYZER_NONNULL = YES;
				CLANG_ANALYZER_NUMBER_OBJECT_CONVERSION = YES_AGGRESSIVE;
				CLANG_CXX_LANGUAGE_STANDARD = "gnu++17";
				CLANG_ENABLE_MODULES = YES;
				CLANG_ENABLE_OBJC_ARC = YES;
				CLANG_ENABLE_OBJC_WEAK = YES;
				CLANG_WARN_BLOCK_CAPTURE_AUTORELEASING = YES;
				CLANG_WARN_BOOL_CONVERSION = YES;
				CLANG_WARN_COMMA = YES;
				CLANG_WARN_CONSTANT_CONVERSION = YES;
				CLANG_WARN_DEPRECATED_OBJC_IMPLEMENTATIONS = YES;
				CLANG_WARN_DIRECT_OBJC_ISA_USAGE = YES_ERROR;
				CLANG_WARN_DOCUMENTATION_COMMENTS = YES;
				CLANG_WARN_EMPTY_BODY = YES;
				CLANG_WARN_ENUM_CONVERSION = YES;
				CLANG_WARN_INFINITE_RECURSION = YES;
				CLANG_WARN_INT_CONVERSION = YES;
				CLANG_WARN_NON_LITERAL_NULL_CONVERSION = YES;
				CLANG_WARN_OBJC_IMPLICIT_RETAIN_SELF = YES;
				CLANG_WARN_OBJC_LITERAL_CONVERSION = YES;
				CLANG_WARN_OBJC_ROOT_CLASS = YES_ERROR;
				CLANG_WARN_QUOTED_INCLUDE_IN_FRAMEWORK_HEADER = YES;
				CLANG_WARN_RANGE_LOOP_ANALYSIS = YES;
				CLANG_WARN_STRICT_PROTOTYPES = YES;
				CLANG_WARN_SUSPICIOUS_MOVE = YES;
				CLANG_WARN_UNGUARDED_AVAILABILITY = YES_AGGRESSIVE;
				CLANG_WARN_UNREACHABLE_CODE = YES;
				CLANG_WARN__DUPLICATE_METHOD_MATCH = YES;
				COPY_PHASE_STRIP = NO;
				DEBUG_INFORMATION_FORMAT = "dwarf-with-dsym";
				ENABLE_NS_ASSERTIONS = NO;
				ENABLE_STRICT_OBJC_MSGSEND = YES;
				GCC_C_LANGUAGE_STANDARD = gnu11;
				GCC_NO_COMMON_BLOCKS = YES;
				GCC_WARN_64_TO_32_BIT_CONVERSION = YES;
				GCC_WARN_ABOUT_RETURN_TYPE = YES_ERROR;
				GCC_WARN_UNDECLARED_SELECTOR = YES;
				GCC_WARN_UNINITIALIZED_AUTOS = YES_AGGRESSIVE;
				GCC_WARN_UNUSED_FUNCTION = YES;
				GCC_WARN_UNUSED_VARIABLE = YES;
				IPHONEOS_DEPLOYMENT_TARGET = 15.0;
				MTL_ENABLE_DEBUG_INFO = NO;
				MTL_FAST_MATH = YES;
				SDKROOT = iphoneos;
				SWIFT_COMPILATION_MODE = wholemodule;
				SWIFT_OPTIMIZATION_LEVEL = "-O";
				VALIDATE_PRODUCT = YES;
			};
			name = Release;
		};
		701B589828CB8318005DB7E2 /* Debug */ = {
			isa = XCBuildConfiguration;
			buildSettings = {
				ASSETCATALOG_COMPILER_APPICON_NAME = AppIcon;
				ASSETCATALOG_COMPILER_GLOBAL_ACCENT_COLOR_NAME = AccentColor;
				CODE_SIGN_STYLE = Automatic;
				CURRENT_PROJECT_VERSION = 1;
				DEVELOPMENT_TEAM = H85Q4PKZ6G;
				GENERATE_INFOPLIST_FILE = YES;
				INFOPLIST_FILE = DemoTest/Info.plist;
				INFOPLIST_KEY_UIApplicationSupportsIndirectInputEvents = YES;
				INFOPLIST_KEY_UILaunchStoryboardName = LaunchScreen;
				INFOPLIST_KEY_UIMainStoryboardFile = Main;
				INFOPLIST_KEY_UISupportedInterfaceOrientations_iPad = "UIInterfaceOrientationPortrait UIInterfaceOrientationPortraitUpsideDown UIInterfaceOrientationLandscapeLeft UIInterfaceOrientationLandscapeRight";
				INFOPLIST_KEY_UISupportedInterfaceOrientations_iPhone = "UIInterfaceOrientationPortrait UIInterfaceOrientationLandscapeLeft UIInterfaceOrientationLandscapeRight";
				IPHONEOS_DEPLOYMENT_TARGET = 15.0;
				LD_RUNPATH_SEARCH_PATHS = (
					"$(inherited)",
					"@executable_path/Frameworks",
				);
				MARKETING_VERSION = 1.0;
				PRODUCT_BUNDLE_IDENTIFIER = com.hua.DemoTest;
				PRODUCT_NAME = "$(TARGET_NAME)";
				SWIFT_EMIT_LOC_STRINGS = YES;
				SWIFT_VERSION = 5.0;
				TARGETED_DEVICE_FAMILY = "1,2";
			};
			name = Debug;
		};
		701B589928CB8318005DB7E2 /* Release */ = {
			isa = XCBuildConfiguration;
			buildSettings = {
				ASSETCATALOG_COMPILER_APPICON_NAME = AppIcon;
				ASSETCATALOG_COMPILER_GLOBAL_ACCENT_COLOR_NAME = AccentColor;
				CODE_SIGN_STYLE = Automatic;
				CURRENT_PROJECT_VERSION = 1;
				DEVELOPMENT_TEAM = H85Q4PKZ6G;
				GENERATE_INFOPLIST_FILE = YES;
				INFOPLIST_FILE = DemoTest/Info.plist;
				INFOPLIST_KEY_UIApplicationSupportsIndirectInputEvents = YES;
				INFOPLIST_KEY_UILaunchStoryboardName = LaunchScreen;
				INFOPLIST_KEY_UIMainStoryboardFile = Main;
				INFOPLIST_KEY_UISupportedInterfaceOrientations_iPad = "UIInterfaceOrientationPortrait UIInterfaceOrientationPortraitUpsideDown UIInterfaceOrientationLandscapeLeft UIInterfaceOrientationLandscapeRight";
				INFOPLIST_KEY_UISupportedInterfaceOrientations_iPhone = "UIInterfaceOrientationPortrait UIInterfaceOrientationLandscapeLeft UIInterfaceOrientationLandscapeRight";
				IPHONEOS_DEPLOYMENT_TARGET = 15.0;
				LD_RUNPATH_SEARCH_PATHS = (
					"$(inherited)",
					"@executable_path/Frameworks",
				);
				MARKETING_VERSION = 1.0;
				PRODUCT_BUNDLE_IDENTIFIER = com.hua.DemoTest;
				PRODUCT_NAME = "$(TARGET_NAME)";
				SWIFT_EMIT_LOC_STRINGS = YES;
				SWIFT_VERSION = 5.0;
				TARGETED_DEVICE_FAMILY = "1,2";
			};
			name = Release;
		};
		701B589B28CB8318005DB7E2 /* Debug */ = {
			isa = XCBuildConfiguration;
			buildSettings = {
				ALWAYS_EMBED_SWIFT_STANDARD_LIBRARIES = YES;
				BUNDLE_LOADER = "$(TEST_HOST)";
				CODE_SIGN_STYLE = Automatic;
				CURRENT_PROJECT_VERSION = 1;
				DEVELOPMENT_TEAM = H85Q4PKZ6G;
				GENERATE_INFOPLIST_FILE = YES;
				IPHONEOS_DEPLOYMENT_TARGET = 15.0;
				MARKETING_VERSION = 1.0;
				PRODUCT_BUNDLE_IDENTIFIER = com.hua.DemoTestTests;
				PRODUCT_NAME = "$(TARGET_NAME)";
				SWIFT_EMIT_LOC_STRINGS = NO;
				SWIFT_VERSION = 5.0;
				TARGETED_DEVICE_FAMILY = "1,2";
				TEST_HOST = "$(BUILT_PRODUCTS_DIR)/DemoTest.app/DemoTest";
			};
			name = Debug;
		};
		701B589C28CB8318005DB7E2 /* Release */ = {
			isa = XCBuildConfiguration;
			buildSettings = {
				ALWAYS_EMBED_SWIFT_STANDARD_LIBRARIES = YES;
				BUNDLE_LOADER = "$(TEST_HOST)";
				CODE_SIGN_STYLE = Automatic;
				CURRENT_PROJECT_VERSION = 1;
				DEVELOPMENT_TEAM = H85Q4PKZ6G;
				GENERATE_INFOPLIST_FILE = YES;
				IPHONEOS_DEPLOYMENT_TARGET = 15.0;
				MARKETING_VERSION = 1.0;
				PRODUCT_BUNDLE_IDENTIFIER = com.hua.DemoTestTests;
				PRODUCT_NAME = "$(TARGET_NAME)";
				SWIFT_EMIT_LOC_STRINGS = NO;
				SWIFT_VERSION = 5.0;
				TARGETED_DEVICE_FAMILY = "1,2";
				TEST_HOST = "$(BUILT_PRODUCTS_DIR)/DemoTest.app/DemoTest";
			};
			name = Release;
		};
		701B589E28CB8318005DB7E2 /* Debug */ = {
			isa = XCBuildConfiguration;
			buildSettings = {
				ALWAYS_EMBED_SWIFT_STANDARD_LIBRARIES = YES;
				CODE_SIGN_STYLE = Automatic;
				CURRENT_PROJECT_VERSION = 1;
				DEVELOPMENT_TEAM = H85Q4PKZ6G;
				GENERATE_INFOPLIST_FILE = YES;
				MARKETING_VERSION = 1.0;
				PRODUCT_BUNDLE_IDENTIFIER = com.hua.DemoTestUITests;
				PRODUCT_NAME = "$(TARGET_NAME)";
				SWIFT_EMIT_LOC_STRINGS = NO;
				SWIFT_VERSION = 5.0;
				TARGETED_DEVICE_FAMILY = "1,2";
				TEST_TARGET_NAME = DemoTest;
			};
			name = Debug;
		};
		701B589F28CB8318005DB7E2 /* Release */ = {
			isa = XCBuildConfiguration;
			buildSettings = {
				ALWAYS_EMBED_SWIFT_STANDARD_LIBRARIES = YES;
				CODE_SIGN_STYLE = Automatic;
				CURRENT_PROJECT_VERSION = 1;
				DEVELOPMENT_TEAM = H85Q4PKZ6G;
				GENERATE_INFOPLIST_FILE = YES;
				MARKETING_VERSION = 1.0;
				PRODUCT_BUNDLE_IDENTIFIER = com.hua.DemoTestUITests;
				PRODUCT_NAME = "$(TARGET_NAME)";
				SWIFT_EMIT_LOC_STRINGS = NO;
				SWIFT_VERSION = 5.0;
				TARGETED_DEVICE_FAMILY = "1,2";
				TEST_TARGET_NAME = DemoTest;
			};
			name = Release;
		};
/* End XCBuildConfiguration section */

/* Begin XCConfigurationList section */
		701B586828CB8313005DB7E2 /* Build configuration list for PBXProject "DemoTest" */ = {
			isa = XCConfigurationList;
			buildConfigurations = (
				701B589528CB8318005DB7E2 /* Debug */,
				701B589628CB8318005DB7E2 /* Release */,
			);
			defaultConfigurationIsVisible = 0;
			defaultConfigurationName = Release;
		};
		701B589728CB8318005DB7E2 /* Build configuration list for PBXNativeTarget "DemoTest" */ = {
			isa = XCConfigurationList;
			buildConfigurations = (
				701B589828CB8318005DB7E2 /* Debug */,
				701B589928CB8318005DB7E2 /* Release */,
			);
			defaultConfigurationIsVisible = 0;
			defaultConfigurationName = Release;
		};
		701B589A28CB8318005DB7E2 /* Build configuration list for PBXNativeTarget "DemoTestTests" */ = {
			isa = XCConfigurationList;
			buildConfigurations = (
				701B589B28CB8318005DB7E2 /* Debug */,
				701B589C28CB8318005DB7E2 /* Release */,
			);
			defaultConfigurationIsVisible = 0;
			defaultConfigurationName = Release;
		};
		701B589D28CB8318005DB7E2 /* Build configuration list for PBXNativeTarget "DemoTestUITests" */ = {
			isa = XCConfigurationList;
			buildConfigurations = (
				701B589E28CB8318005DB7E2 /* Debug */,
				701B589F28CB8318005DB7E2 /* Release */,
			);
			defaultConfigurationIsVisible = 0;
			defaultConfigurationName = Release;
		};
/* End XCConfigurationList section */
	};
	rootObject = 701B586528CB8313005DB7E2 /* Project object */;
}
